// !$*UTF8*$!
{
	archiveVersion = 1;
	classes = {
	};
	objectVersion = 56;
	objects = {

/* Begin PBXBuildFile section */
		FB595BBC2C88B9A60011874A /* pokeapiApp.swift in Sources */ = {isa = PBXBuildFile; fileRef = FB595BBB2C88B9A60011874A /* pokeapiApp.swift */; };
		FB595BBE2C88B9A60011874A /* ContentView.swift in Sources */ = {isa = PBXBuildFile; fileRef = FB595BBD2C88B9A60011874A /* ContentView.swift */; };
		FB595BC02C88B9A70011874A /* Assets.xcassets in Resources */ = {isa = PBXBuildFile; fileRef = FB595BBF2C88B9A70011874A /* Assets.xcassets */; };
		FB595BC32C88B9A70011874A /* Preview Assets.xcassets in Resources */ = {isa = PBXBuildFile; fileRef = FB595BC22C88B9A70011874A /* Preview Assets.xcassets */; };
		FB595BCD2C88B9A70011874A /* pokeapiTests.swift in Sources */ = {isa = PBXBuildFile; fileRef = FB595BCC2C88B9A70011874A /* pokeapiTests.swift */; };
		FB595BD72C88B9A70011874A /* pokeapiUITests.swift in Sources */ = {isa = PBXBuildFile; fileRef = FB595BD62C88B9A70011874A /* pokeapiUITests.swift */; };
		FB595BD92C88B9A70011874A /* pokeapiUITestsLaunchTests.swift in Sources */ = {isa = PBXBuildFile; fileRef = FB595BD82C88B9A70011874A /* pokeapiUITestsLaunchTests.swift */; };
/* End PBXBuildFile section */

/* Begin PBXContainerItemProxy section */
		FB595BC92C88B9A70011874A /* PBXContainerItemProxy */ = {
			isa = PBXContainerItemProxy;
			containerPortal = FB595BB02C88B9A60011874A /* Project object */;
			proxyType = 1;
			remoteGlobalIDString = FB595BB72C88B9A60011874A;
			remoteInfo = pokeapi;
		};
		FB595BD32C88B9A70011874A /* PBXContainerItemProxy */ = {
			isa = PBXContainerItemProxy;
			containerPortal = FB595BB02C88B9A60011874A /* Project object */;
			proxyType = 1;
			remoteGlobalIDString = FB595BB72C88B9A60011874A;
			remoteInfo = pokeapi;
		};
/* End PBXContainerItemProxy section */

/* Begin PBXFileReference section */
		FB595BB82C88B9A60011874A /* pokeapi.app */ = {isa = PBXFileReference; explicitFileType = wrapper.application; includeInIndex = 0; path = pokeapi.app; sourceTree = BUILT_PRODUCTS_DIR; };
		FB595BBB2C88B9A60011874A /* pokeapiApp.swift */ = {isa = PBXFileReference; lastKnownFileType = sourcecode.swift; path = pokeapiApp.swift; sourceTree = "<group>"; };
		FB595BBD2C88B9A60011874A /* ContentView.swift */ = {isa = PBXFileReference; lastKnownFileType = sourcecode.swift; path = ContentView.swift; sourceTree = "<group>"; };
		FB595BBF2C88B9A70011874A /* Assets.xcassets */ = {isa = PBXFileReference; lastKnownFileType = folder.assetcatalog; path = Assets.xcassets; sourceTree = "<group>"; };
		FB595BC22C88B9A70011874A /* Preview Assets.xcassets */ = {isa = PBXFileReference; lastKnownFileType = folder.assetcatalog; path = "Preview Assets.xcassets"; sourceTree = "<group>"; };
		FB595BC82C88B9A70011874A /* pokeapiTests.xctest */ = {isa = PBXFileReference; explicitFileType = wrapper.cfbundle; includeInIndex = 0; path = pokeapiTests.xctest; sourceTree = BUILT_PRODUCTS_DIR; };
		FB595BCC2C88B9A70011874A /* pokeapiTests.swift */ = {isa = PBXFileReference; lastKnownFileType = sourcecode.swift; path = pokeapiTests.swift; sourceTree = "<group>"; };
		FB595BD22C88B9A70011874A /* pokeapiUITests.xctest */ = {isa = PBXFileReference; explicitFileType = wrapper.cfbundle; includeInIndex = 0; path = pokeapiUITests.xctest; sourceTree = BUILT_PRODUCTS_DIR; };
		FB595BD62C88B9A70011874A /* pokeapiUITests.swift */ = {isa = PBXFileReference; lastKnownFileType = sourcecode.swift; path = pokeapiUITests.swift; sourceTree = "<group>"; };
		FB595BD82C88B9A70011874A /* pokeapiUITestsLaunchTests.swift */ = {isa = PBXFileReference; lastKnownFileType = sourcecode.swift; path = pokeapiUITestsLaunchTests.swift; sourceTree = "<group>"; };
/* End PBXFileReference section */

/* Begin PBXFrameworksBuildPhase section */
		FB595BB52C88B9A60011874A /* Frameworks */ = {
			isa = PBXFrameworksBuildPhase;
			buildActionMask = 2147483647;
			files = (
			);
			runOnlyForDeploymentPostprocessing = 0;
		};
		FB595BC52C88B9A70011874A /* Frameworks */ = {
			isa = PBXFrameworksBuildPhase;
			buildActionMask = 2147483647;
			files = (
			);
			runOnlyForDeploymentPostprocessing = 0;
		};
		FB595BCF2C88B9A70011874A /* Frameworks */ = {
			isa = PBXFrameworksBuildPhase;
			buildActionMask = 2147483647;
			files = (
			);
			runOnlyForDeploymentPostprocessing = 0;
		};
/* End PBXFrameworksBuildPhase section */

/* Begin PBXGroup section */
		FB595BAF2C88B9A60011874A = {
			isa = PBXGroup;
			children = (
				FB595BBA2C88B9A60011874A /* pokeapi */,
				FB595BCB2C88B9A70011874A /* pokeapiTests */,
				FB595BD52C88B9A70011874A /* pokeapiUITests */,
				FB595BB92C88B9A60011874A /* Products */,
			);
			sourceTree = "<group>";
		};
		FB595BB92C88B9A60011874A /* Products */ = {
			isa = PBXGroup;
			children = (
				FB595BB82C88B9A60011874A /* pokeapi.app */,
				FB595BC82C88B9A70011874A /* pokeapiTests.xctest */,
				FB595BD22C88B9A70011874A /* pokeapiUITests.xctest */,
			);
			name = Products;
			sourceTree = "<group>";
		};
		FB595BBA2C88B9A60011874A /* pokeapi */ = {
			isa = PBXGroup;
			children = (
				FB595BBB2C88B9A60011874A /* pokeapiApp.swift */,
				FB595BBD2C88B9A60011874A /* ContentView.swift */,
				FB595BBF2C88B9A70011874A /* Assets.xcassets */,
				FB595BC12C88B9A70011874A /* Preview Content */,
			);
			path = pokeapi;
			sourceTree = "<group>";
		};
		FB595BC12C88B9A70011874A /* Preview Content */ = {
			isa = PBXGroup;
			children = (
				FB595BC22C88B9A70011874A /* Preview Assets.xcassets */,
			);
			path = "Preview Content";
			sourceTree = "<group>";
		};
		FB595BCB2C88B9A70011874A /* pokeapiTests */ = {
			isa = PBXGroup;
			children = (
				FB595BCC2C88B9A70011874A /* pokeapiTests.swift */,
			);
			path = pokeapiTests;
			sourceTree = "<group>";
		};
		FB595BD52C88B9A70011874A /* pokeapiUITests */ = {
			isa = PBXGroup;
			children = (
				FB595BD62C88B9A70011874A /* pokeapiUITests.swift */,
				FB595BD82C88B9A70011874A /* pokeapiUITestsLaunchTests.swift */,
			);
			path = pokeapiUITests;
			sourceTree = "<group>";
		};
/* End PBXGroup section */

/* Begin PBXNativeTarget section */
		FB595BB72C88B9A60011874A /* pokeapi */ = {
			isa = PBXNativeTarget;
			buildConfigurationList = FB595BDC2C88B9A70011874A /* Build configuration list for PBXNativeTarget "pokeapi" */;
			buildPhases = (
				FB595BB42C88B9A60011874A /* Sources */,
				FB595BB52C88B9A60011874A /* Frameworks */,
				FB595BB62C88B9A60011874A /* Resources */,
			);
			buildRules = (
			);
			dependencies = (
			);
			name = pokeapi;
			productName = pokeapi;
			productReference = FB595BB82C88B9A60011874A /* pokeapi.app */;
			productType = "com.apple.product-type.application";
		};
		FB595BC72C88B9A70011874A /* pokeapiTests */ = {
			isa = PBXNativeTarget;
			buildConfigurationList = FB595BDF2C88B9A70011874A /* Build configuration list for PBXNativeTarget "pokeapiTests" */;
			buildPhases = (
				FB595BC42C88B9A70011874A /* Sources */,
				FB595BC52C88B9A70011874A /* Frameworks */,
				FB595BC62C88B9A70011874A /* Resources */,
			);
			buildRules = (
			);
			dependencies = (
				FB595BCA2C88B9A70011874A /* PBXTargetDependency */,
			);
			name = pokeapiTests;
			productName = pokeapiTests;
			productReference = FB595BC82C88B9A70011874A /* pokeapiTests.xctest */;
			productType = "com.apple.product-type.bundle.unit-test";
		};
		FB595BD12C88B9A70011874A /* pokeapiUITests */ = {
			isa = PBXNativeTarget;
			buildConfigurationList = FB595BE22C88B9A70011874A /* Build configuration list for PBXNativeTarget "pokeapiUITests" */;
			buildPhases = (
				FB595BCE2C88B9A70011874A /* Sources */,
				FB595BCF2C88B9A70011874A /* Frameworks */,
				FB595BD02C88B9A70011874A /* Resources */,
			);
			buildRules = (
			);
			dependencies = (
				FB595BD42C88B9A70011874A /* PBXTargetDependency */,
			);
			name = pokeapiUITests;
			productName = pokeapiUITests;
			productReference = FB595BD22C88B9A70011874A /* pokeapiUITests.xctest */;
			productType = "com.apple.product-type.bundle.ui-testing";
		};
/* End PBXNativeTarget section */

/* Begin PBXProject section */
		FB595BB02C88B9A60011874A /* Project object */ = {
			isa = PBXProject;
			attributes = {
				BuildIndependentTargetsInParallel = 1;
				LastSwiftUpdateCheck = 1540;
				LastUpgradeCheck = 1540;
				TargetAttributes = {
					FB595BB72C88B9A60011874A = {
						CreatedOnToolsVersion = 15.4;
					};
					FB595BC72C88B9A70011874A = {
						CreatedOnToolsVersion = 15.4;
						TestTargetID = FB595BB72C88B9A60011874A;
					};
					FB595BD12C88B9A70011874A = {
						CreatedOnToolsVersion = 15.4;
						TestTargetID = FB595BB72C88B9A60011874A;
					};
				};
			};
			buildConfigurationList = FB595BB32C88B9A60011874A /* Build configuration list for PBXProject "pokeapi" */;
			compatibilityVersion = "Xcode 14.0";
			developmentRegion = en;
			hasScannedForEncodings = 0;
			knownRegions = (
				en,
				Base,
			);
			mainGroup = FB595BAF2C88B9A60011874A;
			productRefGroup = FB595BB92C88B9A60011874A /* Products */;
			projectDirPath = "";
			projectRoot = "";
			targets = (
				FB595BB72C88B9A60011874A /* pokeapi */,
				FB595BC72C88B9A70011874A /* pokeapiTests */,
				FB595BD12C88B9A70011874A /* pokeapiUITests */,
			);
		};
/* End PBXProject section */

/* Begin PBXResourcesBuildPhase section */
		FB595BB62C88B9A60011874A /* Resources */ = {
			isa = PBXResourcesBuildPhase;
			buildActionMask = 2147483647;
			files = (
				FB595BC32C88B9A70011874A /* Preview Assets.xcassets in Resources */,
				FB595BC02C88B9A70011874A /* Assets.xcassets in Resources */,
			);
			runOnlyForDeploymentPostprocessing = 0;
		};
		FB595BC62C88B9A70011874A /* Resources */ = {
			isa = PBXResourcesBuildPhase;
			buildActionMask = 2147483647;
			files = (
			);
			runOnlyForDeploymentPostprocessing = 0;
		};
		FB595BD02C88B9A70011874A /* Resources */ = {
			isa = PBXResourcesBuildPhase;
			buildActionMask = 2147483647;
			files = (
			);
			runOnlyForDeploymentPostprocessing = 0;
		};
/* End PBXResourcesBuildPhase section */

/* Begin PBXSourcesBuildPhase section */
		FB595BB42C88B9A60011874A /* Sources */ = {
			isa = PBXSourcesBuildPhase;
			buildActionMask = 2147483647;
			files = (
				FB595BBE2C88B9A60011874A /* ContentView.swift in Sources */,
				FB595BBC2C88B9A60011874A /* pokeapiApp.swift in Sources */,
			);
			runOnlyForDeploymentPostprocessing = 0;
		};
		FB595BC42C88B9A70011874A /* Sources */ = {
			isa = PBXSourcesBuildPhase;
			buildActionMask = 2147483647;
			files = (
				FB595BCD2C88B9A70011874A /* pokeapiTests.swift in Sources */,
			);
			runOnlyForDeploymentPostprocessing = 0;
		};
		FB595BCE2C88B9A70011874A /* Sources */ = {
			isa = PBXSourcesBuildPhase;
			buildActionMask = 2147483647;
			files = (
				FB595BD92C88B9A70011874A /* pokeapiUITestsLaunchTests.swift in Sources */,
				FB595BD72C88B9A70011874A /* pokeapiUITests.swift in Sources */,
			);
			runOnlyForDeploymentPostprocessing = 0;
		};
/* End PBXSourcesBuildPhase section */

/* Begin PBXTargetDependency section */
		FB595BCA2C88B9A70011874A /* PBXTargetDependency */ = {
			isa = PBXTargetDependency;
			target = FB595BB72C88B9A60011874A /* pokeapi */;
			targetProxy = FB595BC92C88B9A70011874A /* PBXContainerItemProxy */;
		};
		FB595BD42C88B9A70011874A /* PBXTargetDependency */ = {
			isa = PBXTargetDependency;
			target = FB595BB72C88B9A60011874A /* pokeapi */;
			targetProxy = FB595BD32C88B9A70011874A /* PBXContainerItemProxy */;
		};
/* End PBXTargetDependency section */

/* Begin XCBuildConfiguration section */
		FB595BDA2C88B9A70011874A /* Debug */ = {
			isa = XCBuildConfiguration;
			buildSettings = {
				ALWAYS_SEARCH_USER_PATHS = NO;
				ASSETCATALOG_COMPILER_GENERATE_SWIFT_ASSET_SYMBOL_EXTENSIONS = YES;
				CLANG_ANALYZER_NONNULL = YES;
				CLANG_ANALYZER_NUMBER_OBJECT_CONVERSION = YES_AGGRESSIVE;
				CLANG_CXX_LANGUAGE_STANDARD = "gnu++20";
				CLANG_ENABLE_MODULES = YES;
				CLANG_ENABLE_OBJC_ARC = YES;
				CLANG_ENABLE_OBJC_WEAK = YES;
				CLANG_WARN_BLOCK_CAPTURE_AUTORELEASING = YES;
				CLANG_WARN_BOOL_CONVERSION = YES;
				CLANG_WARN_COMMA = YES;
				CLANG_WARN_CONSTANT_CONVERSION = YES;
				CLANG_WARN_DEPRECATED_OBJC_IMPLEMENTATIONS = YES;
				CLANG_WARN_DIRECT_OBJC_ISA_USAGE = YES_ERROR;
				CLANG_WARN_DOCUMENTATION_COMMENTS = YES;
				CLANG_WARN_EMPTY_BODY = YES;
				CLANG_WARN_ENUM_CONVERSION = YES;
				CLANG_WARN_INFINITE_RECURSION = YES;
				CLANG_WARN_INT_CONVERSION = YES;
				CLANG_WARN_NON_LITERAL_NULL_CONVERSION = YES;
				CLANG_WARN_OBJC_IMPLICIT_RETAIN_SELF = YES;
				CLANG_WARN_OBJC_LITERAL_CONVERSION = YES;
				CLANG_WARN_OBJC_ROOT_CLASS = YES_ERROR;
				CLANG_WARN_QUOTED_INCLUDE_IN_FRAMEWORK_HEADER = YES;
				CLANG_WARN_RANGE_LOOP_ANALYSIS = YES;
				CLANG_WARN_STRICT_PROTOTYPES = YES;
				CLANG_WARN_SUSPICIOUS_MOVE = YES;
				CLANG_WARN_UNGUARDED_AVAILABILITY = YES_AGGRESSIVE;
				CLANG_WARN_UNREACHABLE_CODE = YES;
				CLANG_WARN__DUPLICATE_METHOD_MATCH = YES;
				COPY_PHASE_STRIP = NO;
				DEBUG_INFORMATION_FORMAT = dwarf;
				ENABLE_STRICT_OBJC_MSGSEND = YES;
				ENABLE_TESTABILITY = YES;
				ENABLE_USER_SCRIPT_SANDBOXING = YES;
				GCC_C_LANGUAGE_STANDARD = gnu17;
				GCC_DYNAMIC_NO_PIC = NO;
				GCC_NO_COMMON_BLOCKS = YES;
				GCC_OPTIMIZATION_LEVEL = 0;
				GCC_PREPROCESSOR_DEFINITIONS = (
					"DEBUG=1",
					"$(inherited)",
				);
				GCC_WARN_64_TO_32_BIT_CONVERSION = YES;
				GCC_WARN_ABOUT_RETURN_TYPE = YES_ERROR;
				GCC_WARN_UNDECLARED_SELECTOR = YES;
				GCC_WARN_UNINITIALIZED_AUTOS = YES_AGGRESSIVE;
				GCC_WARN_UNUSED_FUNCTION = YES;
				GCC_WARN_UNUSED_VARIABLE = YES;
				IPHONEOS_DEPLOYMENT_TARGET = 17.5;
				LOCALIZATION_PREFERS_STRING_CATALOGS = YES;
				MTL_ENABLE_DEBUG_INFO = INCLUDE_SOURCE;
				MTL_FAST_MATH = YES;
				ONLY_ACTIVE_ARCH = YES;
				SDKROOT = iphoneos;
				SWIFT_ACTIVE_COMPILATION_CONDITIONS = "DEBUG $(inherited)";
				SWIFT_OPTIMIZATION_LEVEL = "-Onone";
			};
			name = Debug;
		};
		FB595BDB2C88B9A70011874A /* Release */ = {
			isa = XCBuildConfiguration;
			buildSettings = {
				ALWAYS_SEARCH_USER_PATHS = NO;
				ASSETCATALOG_COMPILER_GENERATE_SWIFT_ASSET_SYMBOL_EXTENSIONS = YES;
				CLANG_ANALYZER_NONNULL = YES;
				CLANG_ANALYZER_NUMBER_OBJECT_CONVERSION = YES_AGGRESSIVE;
				CLANG_CXX_LANGUAGE_STANDARD = "gnu++20";
				CLANG_ENABLE_MODULES = YES;
				CLANG_ENABLE_OBJC_ARC = YES;
				CLANG_ENABLE_OBJC_WEAK = YES;
				CLANG_WARN_BLOCK_CAPTURE_AUTORELEASING = YES;
				CLANG_WARN_BOOL_CONVERSION = YES;
				CLANG_WARN_COMMA = YES;
				CLANG_WARN_CONSTANT_CONVERSION = YES;
				CLANG_WARN_DEPRECATED_OBJC_IMPLEMENTATIONS = YES;
				CLANG_WARN_DIRECT_OBJC_ISA_USAGE = YES_ERROR;
				CLANG_WARN_DOCUMENTATION_COMMENTS = YES;
				CLANG_WARN_EMPTY_BODY = YES;
				CLANG_WARN_ENUM_CONVERSION = YES;
				CLANG_WARN_INFINITE_RECURSION = YES;
				CLANG_WARN_INT_CONVERSION = YES;
				CLANG_WARN_NON_LITERAL_NULL_CONVERSION = YES;
				CLANG_WARN_OBJC_IMPLICIT_RETAIN_SELF = YES;
				CLANG_WARN_OBJC_LITERAL_CONVERSION = YES;
				CLANG_WARN_OBJC_ROOT_CLASS = YES_ERROR;
				CLANG_WARN_QUOTED_INCLUDE_IN_FRAMEWORK_HEADER = YES;
				CLANG_WARN_RANGE_LOOP_ANALYSIS = YES;
				CLANG_WARN_STRICT_PROTOTYPES = YES;
				CLANG_WARN_SUSPICIOUS_MOVE = YES;
				CLANG_WARN_UNGUARDED_AVAILABILITY = YES_AGGRESSIVE;
				CLANG_WARN_UNREACHABLE_CODE = YES;
				CLANG_WARN__DUPLICATE_METHOD_MATCH = YES;
				COPY_PHASE_STRIP = NO;
				DEBUG_INFORMATION_FORMAT = "dwarf-with-dsym";
				ENABLE_NS_ASSERTIONS = NO;
				ENABLE_STRICT_OBJC_MSGSEND = YES;
				ENABLE_USER_SCRIPT_SANDBOXING = YES;
				GCC_C_LANGUAGE_STANDARD = gnu17;
				GCC_NO_COMMON_BLOCKS = YES;
				GCC_WARN_64_TO_32_BIT_CONVERSION = YES;
				GCC_WARN_ABOUT_RETURN_TYPE = YES_ERROR;
				GCC_WARN_UNDECLARED_SELECTOR = YES;
				GCC_WARN_UNINITIALIZED_AUTOS = YES_AGGRESSIVE;
				GCC_WARN_UNUSED_FUNCTION = YES;
				GCC_WARN_UNUSED_VARIABLE = YES;
				IPHONEOS_DEPLOYMENT_TARGET = 17.5;
				LOCALIZATION_PREFERS_STRING_CATALOGS = YES;
				MTL_ENABLE_DEBUG_INFO = NO;
				MTL_FAST_MATH = YES;
				SDKROOT = iphoneos;
				SWIFT_COMPILATION_MODE = wholemodule;
				VALIDATE_PRODUCT = YES;
			};
			name = Release;
		};
		FB595BDD2C88B9A70011874A /* Debug */ = {
			isa = XCBuildConfiguration;
			buildSettings = {
				ASSETCATALOG_COMPILER_APPICON_NAME = AppIcon;
				ASSETCATALOG_COMPILER_GLOBAL_ACCENT_COLOR_NAME = AccentColor;
				CODE_SIGN_STYLE = Automatic;
				CURRENT_PROJECT_VERSION = 1;
				DEVELOPMENT_ASSET_PATHS = "\"pokeapi/Preview Content\"";
				ENABLE_PREVIEWS = YES;
				GENERATE_INFOPLIST_FILE = YES;
				INFOPLIST_KEY_UIApplicationSceneManifest_Generation = YES;
				INFOPLIST_KEY_UIApplicationSupportsIndirectInputEvents = YES;
				INFOPLIST_KEY_UILaunchScreen_Generation = YES;
				INFOPLIST_KEY_UISupportedInterfaceOrientations_iPad = "UIInterfaceOrientationPortrait UIInterfaceOrientationPortraitUpsideDown UIInterfaceOrientationLandscapeLeft UIInterfaceOrientationLandscapeRight";
				INFOPLIST_KEY_UISupportedInterfaceOrientations_iPhone = "UIInterfaceOrientationPortrait UIInterfaceOrientationLandscapeLeft UIInterfaceOrientationLandscapeRight";
				LD_RUNPATH_SEARCH_PATHS = (
					"$(inherited)",
					"@executable_path/Frameworks",
				);
				MARKETING_VERSION = 1.0;
				PRODUCT_BUNDLE_IDENTIFIER = tec.mx.pokeapi;
				PRODUCT_NAME = "$(TARGET_NAME)";
				SWIFT_EMIT_LOC_STRINGS = YES;
				SWIFT_VERSION = 5.0;
				TARGETED_DEVICE_FAMILY = "1,2";
			};
			name = Debug;
		};
		FB595BDE2C88B9A70011874A /* Release */ = {
			isa = XCBuildConfiguration;
			buildSettings = {
				ASSETCATALOG_COMPILER_APPICON_NAME = AppIcon;
				ASSETCATALOG_COMPILER_GLOBAL_ACCENT_COLOR_NAME = AccentColor;
				CODE_SIGN_STYLE = Automatic;
				CURRENT_PROJECT_VERSION = 1;
				DEVELOPMENT_ASSET_PATHS = "\"pokeapi/Preview Content\"";
				ENABLE_PREVIEWS = YES;
				GENERATE_INFOPLIST_FILE = YES;
				INFOPLIST_KEY_UIApplicationSceneManifest_Generation = YES;
				INFOPLIST_KEY_UIApplicationSupportsIndirectInputEvents = YES;
				INFOPLIST_KEY_UILaunchScreen_Generation = YES;
				INFOPLIST_KEY_UISupportedInterfaceOrientations_iPad = "UIInterfaceOrientationPortrait UIInterfaceOrientationPortraitUpsideDown UIInterfaceOrientationLandscapeLeft UIInterfaceOrientationLandscapeRight";
				INFOPLIST_KEY_UISupportedInterfaceOrientations_iPhone = "UIInterfaceOrientationPortrait UIInterfaceOrientationLandscapeLeft UIInterfaceOrientationLandscapeRight";
				LD_RUNPATH_SEARCH_PATHS = (
					"$(inherited)",
					"@executable_path/Frameworks",
				);
				MARKETING_VERSION = 1.0;
				PRODUCT_BUNDLE_IDENTIFIER = tec.mx.pokeapi;
				PRODUCT_NAME = "$(TARGET_NAME)";
				SWIFT_EMIT_LOC_STRINGS = YES;
				SWIFT_VERSION = 5.0;
				TARGETED_DEVICE_FAMILY = "1,2";
			};
			name = Release;
		};
		FB595BE02C88B9A70011874A /* Debug */ = {
			isa = XCBuildConfiguration;
			buildSettings = {
				ALWAYS_EMBED_SWIFT_STANDARD_LIBRARIES = YES;
				BUNDLE_LOADER = "$(TEST_HOST)";
				CODE_SIGN_STYLE = Automatic;
				CURRENT_PROJECT_VERSION = 1;
				GENERATE_INFOPLIST_FILE = YES;
				IPHONEOS_DEPLOYMENT_TARGET = 17.5;
				MARKETING_VERSION = 1.0;
				PRODUCT_BUNDLE_IDENTIFIER = tec.mx.pokeapiTests;
				PRODUCT_NAME = "$(TARGET_NAME)";
				SWIFT_EMIT_LOC_STRINGS = NO;
				SWIFT_VERSION = 5.0;
				TARGETED_DEVICE_FAMILY = "1,2";
				TEST_HOST = "$(BUILT_PRODUCTS_DIR)/pokeapi.app/$(BUNDLE_EXECUTABLE_FOLDER_PATH)/pokeapi";
			};
			name = Debug;
		};
		FB595BE12C88B9A70011874A /* Release */ = {
			isa = XCBuildConfiguration;
			buildSettings = {
				ALWAYS_EMBED_SWIFT_STANDARD_LIBRARIES = YES;
				BUNDLE_LOADER = "$(TEST_HOST)";
				CODE_SIGN_STYLE = Automatic;
				CURRENT_PROJECT_VERSION = 1;
				GENERATE_INFOPLIST_FILE = YES;
				IPHONEOS_DEPLOYMENT_TARGET = 17.5;
				MARKETING_VERSION = 1.0;
				PRODUCT_BUNDLE_IDENTIFIER = tec.mx.pokeapiTests;
				PRODUCT_NAME = "$(TARGET_NAME)";
				SWIFT_EMIT_LOC_STRINGS = NO;
				SWIFT_VERSION = 5.0;
				TARGETED_DEVICE_FAMILY = "1,2";
				TEST_HOST = "$(BUILT_PRODUCTS_DIR)/pokeapi.app/$(BUNDLE_EXECUTABLE_FOLDER_PATH)/pokeapi";
			};
			name = Release;
		};
		FB595BE32C88B9A70011874A /* Debug */ = {
			isa = XCBuildConfiguration;
			buildSettings = {
				ALWAYS_EMBED_SWIFT_STANDARD_LIBRARIES = YES;
				CODE_SIGN_STYLE = Automatic;
				CURRENT_PROJECT_VERSION = 1;
				GENERATE_INFOPLIST_FILE = YES;
				MARKETING_VERSION = 1.0;
				PRODUCT_BUNDLE_IDENTIFIER = tec.mx.pokeapiUITests;
				PRODUCT_NAME = "$(TARGET_NAME)";
				SWIFT_EMIT_LOC_STRINGS = NO;
				SWIFT_VERSION = 5.0;
				TARGETED_DEVICE_FAMILY = "1,2";
				TEST_TARGET_NAME = pokeapi;
			};
			name = Debug;
		};
		FB595BE42C88B9A70011874A /* Release */ = {
			isa = XCBuildConfiguration;
			buildSettings = {
				ALWAYS_EMBED_SWIFT_STANDARD_LIBRARIES = YES;
				CODE_SIGN_STYLE = Automatic;
				CURRENT_PROJECT_VERSION = 1;
				GENERATE_INFOPLIST_FILE = YES;
				MARKETING_VERSION = 1.0;
				PRODUCT_BUNDLE_IDENTIFIER = tec.mx.pokeapiUITests;
				PRODUCT_NAME = "$(TARGET_NAME)";
				SWIFT_EMIT_LOC_STRINGS = NO;
				SWIFT_VERSION = 5.0;
				TARGETED_DEVICE_FAMILY = "1,2";
				TEST_TARGET_NAME = pokeapi;
			};
			name = Release;
		};
/* End XCBuildConfiguration section */

/* Begin XCConfigurationList section */
		FB595BB32C88B9A60011874A /* Build configuration list for PBXProject "pokeapi" */ = {
			isa = XCConfigurationList;
			buildConfigurations = (
				FB595BDA2C88B9A70011874A /* Debug */,
				FB595BDB2C88B9A70011874A /* Release */,
			);
			defaultConfigurationIsVisible = 0;
			defaultConfigurationName = Release;
		};
		FB595BDC2C88B9A70011874A /* Build configuration list for PBXNativeTarget "pokeapi" */ = {
			isa = XCConfigurationList;
			buildConfigurations = (
				FB595BDD2C88B9A70011874A /* Debug */,
				FB595BDE2C88B9A70011874A /* Release */,
			);
			defaultConfigurationIsVisible = 0;
			defaultConfigurationName = Release;
		};
		FB595BDF2C88B9A70011874A /* Build configuration list for PBXNativeTarget "pokeapiTests" */ = {
			isa = XCConfigurationList;
			buildConfigurations = (
				FB595BE02C88B9A70011874A /* Debug */,
				FB595BE12C88B9A70011874A /* Release */,
			);
			defaultConfigurationIsVisible = 0;
			defaultConfigurationName = Release;
		};
		FB595BE22C88B9A70011874A /* Build configuration list for PBXNativeTarget "pokeapiUITests" */ = {
			isa = XCConfigurationList;
			buildConfigurations = (
				FB595BE32C88B9A70011874A /* Debug */,
				FB595BE42C88B9A70011874A /* Release */,
			);
			defaultConfigurationIsVisible = 0;
			defaultConfigurationName = Release;
		};
/* End XCConfigurationList section */
	};
	rootObject = FB595BB02C88B9A60011874A /* Project object */;
}
